// !$*UTF8*$!
{
	archiveVersion = 1;
	classes = {
	};
	objectVersion = 46;
	objects = {

/* Begin PBXBuildFile section */
		96FEE7451C34609C00ACCCD5 /* AppDelegate.swift in Sources */ = {isa = PBXBuildFile; fileRef = 96FEE7441C34609C00ACCCD5 /* AppDelegate.swift */; };
		96FEE7471C34609C00ACCCD5 /* ViewController.swift in Sources */ = {isa = PBXBuildFile; fileRef = 96FEE7461C34609C00ACCCD5 /* ViewController.swift */; };
		96FEE74A1C34609C00ACCCD5 /* Main.storyboard in Resources */ = {isa = PBXBuildFile; fileRef = 96FEE7481C34609C00ACCCD5 /* Main.storyboard */; };
		96FEE74C1C34609C00ACCCD5 /* Assets.xcassets in Resources */ = {isa = PBXBuildFile; fileRef = 96FEE74B1C34609C00ACCCD5 /* Assets.xcassets */; };
		96FEE74F1C34609C00ACCCD5 /* LaunchScreen.storyboard in Resources */ = {isa = PBXBuildFile; fileRef = 96FEE74D1C34609C00ACCCD5 /* LaunchScreen.storyboard */; };
		96FEE75A1C34609C00ACCCD5 /* BurpZoneTests.swift in Sources */ = {isa = PBXBuildFile; fileRef = 96FEE7591C34609C00ACCCD5 /* BurpZoneTests.swift */; };
		96FEE7651C34609C00ACCCD5 /* BurpZoneUITests.swift in Sources */ = {isa = PBXBuildFile; fileRef = 96FEE7641C34609C00ACCCD5 /* BurpZoneUITests.swift */; };
/* End PBXBuildFile section */

/* Begin PBXContainerItemProxy section */
		96FEE7561C34609C00ACCCD5 /* PBXContainerItemProxy */ = {
			isa = PBXContainerItemProxy;
			containerPortal = 96FEE7391C34609C00ACCCD5 /* Project object */;
			proxyType = 1;
			remoteGlobalIDString = 96FEE7401C34609C00ACCCD5;
			remoteInfo = BurpZone;
		};
		96FEE7611C34609C00ACCCD5 /* PBXContainerItemProxy */ = {
			isa = PBXContainerItemProxy;
			containerPortal = 96FEE7391C34609C00ACCCD5 /* Project object */;
			proxyType = 1;
			remoteGlobalIDString = 96FEE7401C34609C00ACCCD5;
			remoteInfo = BurpZone;
		};
/* End PBXContainerItemProxy section */

/* Begin PBXFileReference section */
		96FEE7411C34609C00ACCCD5 /* BurpZone.app */ = {isa = PBXFileReference; explicitFileType = wrapper.application; includeInIndex = 0; path = BurpZone.app; sourceTree = BUILT_PRODUCTS_DIR; };
		96FEE7441C34609C00ACCCD5 /* AppDelegate.swift */ = {isa = PBXFileReference; lastKnownFileType = sourcecode.swift; path = AppDelegate.swift; sourceTree = "<group>"; };
		96FEE7461C34609C00ACCCD5 /* ViewController.swift */ = {isa = PBXFileReference; lastKnownFileType = sourcecode.swift; path = ViewController.swift; sourceTree = "<group>"; };
		96FEE7491C34609C00ACCCD5 /* Base */ = {isa = PBXFileReference; lastKnownFileType = file.storyboard; name = Base; path = Base.lproj/Main.storyboard; sourceTree = "<group>"; };
		96FEE74B1C34609C00ACCCD5 /* Assets.xcassets */ = {isa = PBXFileReference; lastKnownFileType = folder.assetcatalog; path = Assets.xcassets; sourceTree = "<group>"; };
		96FEE74E1C34609C00ACCCD5 /* Base */ = {isa = PBXFileReference; lastKnownFileType = file.storyboard; name = Base; path = Base.lproj/LaunchScreen.storyboard; sourceTree = "<group>"; };
		96FEE7501C34609C00ACCCD5 /* Info.plist */ = {isa = PBXFileReference; lastKnownFileType = text.plist.xml; path = Info.plist; sourceTree = "<group>"; };
		96FEE7551C34609C00ACCCD5 /* BurpZoneTests.xctest */ = {isa = PBXFileReference; explicitFileType = wrapper.cfbundle; includeInIndex = 0; path = BurpZoneTests.xctest; sourceTree = BUILT_PRODUCTS_DIR; };
		96FEE7591C34609C00ACCCD5 /* BurpZoneTests.swift */ = {isa = PBXFileReference; lastKnownFileType = sourcecode.swift; path = BurpZoneTests.swift; sourceTree = "<group>"; };
		96FEE75B1C34609C00ACCCD5 /* Info.plist */ = {isa = PBXFileReference; lastKnownFileType = text.plist.xml; path = Info.plist; sourceTree = "<group>"; };
		96FEE7601C34609C00ACCCD5 /* BurpZoneUITests.xctest */ = {isa = PBXFileReference; explicitFileType = wrapper.cfbundle; includeInIndex = 0; path = BurpZoneUITests.xctest; sourceTree = BUILT_PRODUCTS_DIR; };
		96FEE7641C34609C00ACCCD5 /* BurpZoneUITests.swift */ = {isa = PBXFileReference; lastKnownFileType = sourcecode.swift; path = BurpZoneUITests.swift; sourceTree = "<group>"; };
		96FEE7661C34609C00ACCCD5 /* Info.plist */ = {isa = PBXFileReference; lastKnownFileType = text.plist.xml; path = Info.plist; sourceTree = "<group>"; };
/* End PBXFileReference section */

/* Begin PBXFrameworksBuildPhase section */
		96FEE73E1C34609C00ACCCD5 /* Frameworks */ = {
			isa = PBXFrameworksBuildPhase;
			buildActionMask = 2147483647;
			files = (
			);
			runOnlyForDeploymentPostprocessing = 0;
		};
		96FEE7521C34609C00ACCCD5 /* Frameworks */ = {
			isa = PBXFrameworksBuildPhase;
			buildActionMask = 2147483647;
			files = (
			);
			runOnlyForDeploymentPostprocessing = 0;
		};
		96FEE75D1C34609C00ACCCD5 /* Frameworks */ = {
			isa = PBXFrameworksBuildPhase;
			buildActionMask = 2147483647;
			files = (
			);
			runOnlyForDeploymentPostprocessing = 0;
		};
/* End PBXFrameworksBuildPhase section */

/* Begin PBXGroup section */
		96FEE7381C34609C00ACCCD5 = {
			isa = PBXGroup;
			children = (
				96FEE7431C34609C00ACCCD5 /* BurpZone */,
				96FEE7581C34609C00ACCCD5 /* BurpZoneTests */,
				96FEE7631C34609C00ACCCD5 /* BurpZoneUITests */,
				96FEE7421C34609C00ACCCD5 /* Products */,
			);
			sourceTree = "<group>";
		};
		96FEE7421C34609C00ACCCD5 /* Products */ = {
			isa = PBXGroup;
			children = (
				96FEE7411C34609C00ACCCD5 /* BurpZone.app */,
				96FEE7551C34609C00ACCCD5 /* BurpZoneTests.xctest */,
				96FEE7601C34609C00ACCCD5 /* BurpZoneUITests.xctest */,
			);
			name = Products;
			sourceTree = "<group>";
		};
		96FEE7431C34609C00ACCCD5 /* BurpZone */ = {
			isa = PBXGroup;
			children = (
				96FEE7441C34609C00ACCCD5 /* AppDelegate.swift */,
				96FEE7461C34609C00ACCCD5 /* ViewController.swift */,
				96FEE7481C34609C00ACCCD5 /* Main.storyboard */,
				96FEE74B1C34609C00ACCCD5 /* Assets.xcassets */,
				96FEE74D1C34609C00ACCCD5 /* LaunchScreen.storyboard */,
				96FEE7501C34609C00ACCCD5 /* Info.plist */,
			);
			path = BurpZone;
			sourceTree = "<group>";
		};
		96FEE7581C34609C00ACCCD5 /* BurpZoneTests */ = {
			isa = PBXGroup;
			children = (
				96FEE7591C34609C00ACCCD5 /* BurpZoneTests.swift */,
				96FEE75B1C34609C00ACCCD5 /* Info.plist */,
			);
			path = BurpZoneTests;
			sourceTree = "<group>";
		};
		96FEE7631C34609C00ACCCD5 /* BurpZoneUITests */ = {
			isa = PBXGroup;
			children = (
				96FEE7641C34609C00ACCCD5 /* BurpZoneUITests.swift */,
				96FEE7661C34609C00ACCCD5 /* Info.plist */,
			);
			path = BurpZoneUITests;
			sourceTree = "<group>";
		};
/* End PBXGroup section */

/* Begin PBXNativeTarget section */
		96FEE7401C34609C00ACCCD5 /* BurpZone */ = {
			isa = PBXNativeTarget;
			buildConfigurationList = 96FEE7691C34609C00ACCCD5 /* Build configuration list for PBXNativeTarget "BurpZone" */;
			buildPhases = (
				96FEE73D1C34609C00ACCCD5 /* Sources */,
				96FEE73E1C34609C00ACCCD5 /* Frameworks */,
				96FEE73F1C34609C00ACCCD5 /* Resources */,
			);
			buildRules = (
			);
			dependencies = (
			);
			name = BurpZone;
			productName = BurpZone;
			productReference = 96FEE7411C34609C00ACCCD5 /* BurpZone.app */;
			productType = "com.apple.product-type.application";
		};
		96FEE7541C34609C00ACCCD5 /* BurpZoneTests */ = {
			isa = PBXNativeTarget;
			buildConfigurationList = 96FEE76C1C34609C00ACCCD5 /* Build configuration list for PBXNativeTarget "BurpZoneTests" */;
			buildPhases = (
				96FEE7511C34609C00ACCCD5 /* Sources */,
				96FEE7521C34609C00ACCCD5 /* Frameworks */,
				96FEE7531C34609C00ACCCD5 /* Resources */,
			);
			buildRules = (
			);
			dependencies = (
				96FEE7571C34609C00ACCCD5 /* PBXTargetDependency */,
			);
			name = BurpZoneTests;
			productName = BurpZoneTests;
			productReference = 96FEE7551C34609C00ACCCD5 /* BurpZoneTests.xctest */;
			productType = "com.apple.product-type.bundle.unit-test";
		};
		96FEE75F1C34609C00ACCCD5 /* BurpZoneUITests */ = {
			isa = PBXNativeTarget;
			buildConfigurationList = 96FEE76F1C34609C00ACCCD5 /* Build configuration list for PBXNativeTarget "BurpZoneUITests" */;
			buildPhases = (
				96FEE75C1C34609C00ACCCD5 /* Sources */,
				96FEE75D1C34609C00ACCCD5 /* Frameworks */,
				96FEE75E1C34609C00ACCCD5 /* Resources */,
			);
			buildRules = (
			);
			dependencies = (
				96FEE7621C34609C00ACCCD5 /* PBXTargetDependency */,
			);
			name = BurpZoneUITests;
			productName = BurpZoneUITests;
			productReference = 96FEE7601C34609C00ACCCD5 /* BurpZoneUITests.xctest */;
			productType = "com.apple.product-type.bundle.ui-testing";
		};
/* End PBXNativeTarget section */

/* Begin PBXProject section */
		96FEE7391C34609C00ACCCD5 /* Project object */ = {
			isa = PBXProject;
			attributes = {
				LastSwiftUpdateCheck = 0720;
				LastUpgradeCheck = 0720;
				ORGANIZATIONNAME = Devsmugglers;
				TargetAttributes = {
					96FEE7401C34609C00ACCCD5 = {
						CreatedOnToolsVersion = 7.2;
						DevelopmentTeam = 9X6QFMBC4A;
					};
					96FEE7541C34609C00ACCCD5 = {
						CreatedOnToolsVersion = 7.2;
						DevelopmentTeam = 9X6QFMBC4A;
						TestTargetID = 96FEE7401C34609C00ACCCD5;
					};
					96FEE75F1C34609C00ACCCD5 = {
						CreatedOnToolsVersion = 7.2;
						DevelopmentTeam = 9X6QFMBC4A;
						TestTargetID = 96FEE7401C34609C00ACCCD5;
					};
				};
			};
			buildConfigurationList = 96FEE73C1C34609C00ACCCD5 /* Build configuration list for PBXProject "BurpZone" */;
			compatibilityVersion = "Xcode 3.2";
			developmentRegion = English;
			hasScannedForEncodings = 0;
			knownRegions = (
				en,
				Base,
			);
			mainGroup = 96FEE7381C34609C00ACCCD5;
			productRefGroup = 96FEE7421C34609C00ACCCD5 /* Products */;
			projectDirPath = "";
			projectRoot = "";
			targets = (
				96FEE7401C34609C00ACCCD5 /* BurpZone */,
				96FEE7541C34609C00ACCCD5 /* BurpZoneTests */,
				96FEE75F1C34609C00ACCCD5 /* BurpZoneUITests */,
			);
		};
/* End PBXProject section */

/* Begin PBXResourcesBuildPhase section */
		96FEE73F1C34609C00ACCCD5 /* Resources */ = {
			isa = PBXResourcesBuildPhase;
			buildActionMask = 2147483647;
			files = (
				96FEE74F1C34609C00ACCCD5 /* LaunchScreen.storyboard in Resources */,
				96FEE74C1C34609C00ACCCD5 /* Assets.xcassets in Resources */,
				96FEE74A1C34609C00ACCCD5 /* Main.storyboard in Resources */,
			);
			runOnlyForDeploymentPostprocessing = 0;
		};
		96FEE7531C34609C00ACCCD5 /* Resources */ = {
			isa = PBXResourcesBuildPhase;
			buildActionMask = 2147483647;
			files = (
			);
			runOnlyForDeploymentPostprocessing = 0;
		};
		96FEE75E1C34609C00ACCCD5 /* Resources */ = {
			isa = PBXResourcesBuildPhase;
			buildActionMask = 2147483647;
			files = (
			);
			runOnlyForDeploymentPostprocessing = 0;
		};
/* End PBXResourcesBuildPhase section */

/* Begin PBXSourcesBuildPhase section */
		96FEE73D1C34609C00ACCCD5 /* Sources */ = {
			isa = PBXSourcesBuildPhase;
			buildActionMask = 2147483647;
			files = (
				96FEE7471C34609C00ACCCD5 /* ViewController.swift in Sources */,
				96FEE7451C34609C00ACCCD5 /* AppDelegate.swift in Sources */,
			);
			runOnlyForDeploymentPostprocessing = 0;
		};
		96FEE7511C34609C00ACCCD5 /* Sources */ = {
			isa = PBXSourcesBuildPhase;
			buildActionMask = 2147483647;
			files = (
				96FEE75A1C34609C00ACCCD5 /* BurpZoneTests.swift in Sources */,
			);
			runOnlyForDeploymentPostprocessing = 0;
		};
		96FEE75C1C34609C00ACCCD5 /* Sources */ = {
			isa = PBXSourcesBuildPhase;
			buildActionMask = 2147483647;
			files = (
				96FEE7651C34609C00ACCCD5 /* BurpZoneUITests.swift in Sources */,
			);
			runOnlyForDeploymentPostprocessing = 0;
		};
/* End PBXSourcesBuildPhase section */

/* Begin PBXTargetDependency section */
		96FEE7571C34609C00ACCCD5 /* PBXTargetDependency */ = {
			isa = PBXTargetDependency;
			target = 96FEE7401C34609C00ACCCD5 /* BurpZone */;
			targetProxy = 96FEE7561C34609C00ACCCD5 /* PBXContainerItemProxy */;
		};
		96FEE7621C34609C00ACCCD5 /* PBXTargetDependency */ = {
			isa = PBXTargetDependency;
			target = 96FEE7401C34609C00ACCCD5 /* BurpZone */;
			targetProxy = 96FEE7611C34609C00ACCCD5 /* PBXContainerItemProxy */;
		};
/* End PBXTargetDependency section */

/* Begin PBXVariantGroup section */
		96FEE7481C34609C00ACCCD5 /* Main.storyboard */ = {
			isa = PBXVariantGroup;
			children = (
				96FEE7491C34609C00ACCCD5 /* Base */,
			);
			name = Main.storyboard;
			sourceTree = "<group>";
		};
		96FEE74D1C34609C00ACCCD5 /* LaunchScreen.storyboard */ = {
			isa = PBXVariantGroup;
			children = (
				96FEE74E1C34609C00ACCCD5 /* Base */,
			);
			name = LaunchScreen.storyboard;
			sourceTree = "<group>";
		};
/* End PBXVariantGroup section */

/* Begin XCBuildConfiguration section */
		96FEE7671C34609C00ACCCD5 /* Debug */ = {
			isa = XCBuildConfiguration;
			buildSettings = {
				ALWAYS_SEARCH_USER_PATHS = NO;
				CLANG_CXX_LANGUAGE_STANDARD = "gnu++0x";
				CLANG_CXX_LIBRARY = "libc++";
				CLANG_ENABLE_MODULES = YES;
				CLANG_ENABLE_OBJC_ARC = YES;
				CLANG_WARN_BOOL_CONVERSION = YES;
				CLANG_WARN_CONSTANT_CONVERSION = YES;
				CLANG_WARN_DIRECT_OBJC_ISA_USAGE = YES_ERROR;
				CLANG_WARN_EMPTY_BODY = YES;
				CLANG_WARN_ENUM_CONVERSION = YES;
				CLANG_WARN_INT_CONVERSION = YES;
				CLANG_WARN_OBJC_ROOT_CLASS = YES_ERROR;
				CLANG_WARN_UNREACHABLE_CODE = YES;
				CLANG_WARN__DUPLICATE_METHOD_MATCH = YES;
				"CODE_SIGN_IDENTITY[sdk=iphoneos*]" = "iPhone Developer";
				COPY_PHASE_STRIP = NO;
				DEBUG_INFORMATION_FORMAT = dwarf;
				ENABLE_STRICT_OBJC_MSGSEND = YES;
				ENABLE_TESTABILITY = YES;
				GCC_C_LANGUAGE_STANDARD = gnu99;
				GCC_DYNAMIC_NO_PIC = NO;
				GCC_NO_COMMON_BLOCKS = YES;
				GCC_OPTIMIZATION_LEVEL = 0;
				GCC_PREPROCESSOR_DEFINITIONS = (
					"DEBUG=1",
					"$(inherited)",
				);
				GCC_WARN_64_TO_32_BIT_CONVERSION = YES;
				GCC_WARN_ABOUT_RETURN_TYPE = YES_ERROR;
				GCC_WARN_UNDECLARED_SELECTOR = YES;
				GCC_WARN_UNINITIALIZED_AUTOS = YES_AGGRESSIVE;
				GCC_WARN_UNUSED_FUNCTION = YES;
				GCC_WARN_UNUSED_VARIABLE = YES;
				IPHONEOS_DEPLOYMENT_TARGET = 9.2;
				MTL_ENABLE_DEBUG_INFO = YES;
				ONLY_ACTIVE_ARCH = YES;
				SDKROOT = iphoneos;
				SWIFT_OPTIMIZATION_LEVEL = "-Onone";
				TARGETED_DEVICE_FAMILY = "1,2";
			};
			name = Debug;
		};
		96FEE7681C34609C00ACCCD5 /* Release */ = {
			isa = XCBuildConfiguration;
			buildSettings = {
				ALWAYS_SEARCH_USER_PATHS = NO;
				CLANG_CXX_LANGUAGE_STANDARD = "gnu++0x";
				CLANG_CXX_LIBRARY = "libc++";
				CLANG_ENABLE_MODULES = YES;
				CLANG_ENABLE_OBJC_ARC = YES;
				CLANG_WARN_BOOL_CONVERSION = YES;
				CLANG_WARN_CONSTANT_CONVERSION = YES;
				CLANG_WARN_DIRECT_OBJC_ISA_USAGE = YES_ERROR;
				CLANG_WARN_EMPTY_BODY = YES;
				CLANG_WARN_ENUM_CONVERSION = YES;
				CLANG_WARN_INT_CONVERSION = YES;
				CLANG_WARN_OBJC_ROOT_CLASS = YES_ERROR;
				CLANG_WARN_UNREACHABLE_CODE = YES;
				CLANG_WARN__DUPLICATE_METHOD_MATCH = YES;
				"CODE_SIGN_IDENTITY[sdk=iphoneos*]" = "iPhone Developer";
				COPY_PHASE_STRIP = NO;
				DEBUG_INFORMATION_FORMAT = "dwarf-with-dsym";
				ENABLE_NS_ASSERTIONS = NO;
				ENABLE_STRICT_OBJC_MSGSEND = YES;
				GCC_C_LANGUAGE_STANDARD = gnu99;
				GCC_NO_COMMON_BLOCKS = YES;
				GCC_WARN_64_TO_32_BIT_CONVERSION = YES;
				GCC_WARN_ABOUT_RETURN_TYPE = YES_ERROR;
				GCC_WARN_UNDECLARED_SELECTOR = YES;
				GCC_WARN_UNINITIALIZED_AUTOS = YES_AGGRESSIVE;
				GCC_WARN_UNUSED_FUNCTION = YES;
				GCC_WARN_UNUSED_VARIABLE = YES;
				IPHONEOS_DEPLOYMENT_TARGET = 9.2;
				MTL_ENABLE_DEBUG_INFO = NO;
				SDKROOT = iphoneos;
				TARGETED_DEVICE_FAMILY = "1,2";
				VALIDATE_PRODUCT = YES;
			};
			name = Release;
		};
		96FEE76A1C34609C00ACCCD5 /* Debug */ = {
			isa = XCBuildConfiguration;
			buildSettings = {
				ASSETCATALOG_COMPILER_APPICON_NAME = AppIcon;
				INFOPLIST_FILE = BurpZone/Info.plist;
				LD_RUNPATH_SEARCH_PATHS = "$(inherited) @executable_path/Frameworks";
				PRODUCT_BUNDLE_IDENTIFIER = com.devsmugglers.BurpZone;
				PRODUCT_NAME = "$(TARGET_NAME)";
			};
			name = Debug;
		};
		96FEE76B1C34609C00ACCCD5 /* Release */ = {
			isa = XCBuildConfiguration;
			buildSettings = {
				ASSETCATALOG_COMPILER_APPICON_NAME = AppIcon;
				INFOPLIST_FILE = BurpZone/Info.plist;
				LD_RUNPATH_SEARCH_PATHS = "$(inherited) @executable_path/Frameworks";
				PRODUCT_BUNDLE_IDENTIFIER = com.devsmugglers.BurpZone;
				PRODUCT_NAME = "$(TARGET_NAME)";
			};
			name = Release;
		};
		96FEE76D1C34609C00ACCCD5 /* Debug */ = {
			isa = XCBuildConfiguration;
			buildSettings = {
				BUNDLE_LOADER = "$(TEST_HOST)";
				INFOPLIST_FILE = BurpZoneTests/Info.plist;
				LD_RUNPATH_SEARCH_PATHS = "$(inherited) @executable_path/Frameworks @loader_path/Frameworks";
				PRODUCT_BUNDLE_IDENTIFIER = com.devsmugglers.BurpZoneTests;
				PRODUCT_NAME = "$(TARGET_NAME)";
				TEST_HOST = "$(BUILT_PRODUCTS_DIR)/BurpZone.app/BurpZone";
			};
			name = Debug;
		};
		96FEE76E1C34609C00ACCCD5 /* Release */ = {
			isa = XCBuildConfiguration;
			buildSettings = {
				BUNDLE_LOADER = "$(TEST_HOST)";
				INFOPLIST_FILE = BurpZoneTests/Info.plist;
				LD_RUNPATH_SEARCH_PATHS = "$(inherited) @executable_path/Frameworks @loader_path/Frameworks";
				PRODUCT_BUNDLE_IDENTIFIER = com.devsmugglers.BurpZoneTests;
				PRODUCT_NAME = "$(TARGET_NAME)";
				TEST_HOST = "$(BUILT_PRODUCTS_DIR)/BurpZone.app/BurpZone";
			};
			name = Release;
		};
		96FEE7701C34609C00ACCCD5 /* Debug */ = {
			isa = XCBuildConfiguration;
			buildSettings = {
				INFOPLIST_FILE = BurpZoneUITests/Info.plist;
				LD_RUNPATH_SEARCH_PATHS = "$(inherited) @executable_path/Frameworks @loader_path/Frameworks";
				PRODUCT_BUNDLE_IDENTIFIER = com.devsmugglers.BurpZoneUITests;
				PRODUCT_NAME = "$(TARGET_NAME)";
				TEST_TARGET_NAME = BurpZone;
				USES_XCTRUNNER = YES;
			};
			name = Debug;
		};
		96FEE7711C34609C00ACCCD5 /* Release */ = {
			isa = XCBuildConfiguration;
			buildSettings = {
				INFOPLIST_FILE = BurpZoneUITests/Info.plist;
				LD_RUNPATH_SEARCH_PATHS = "$(inherited) @executable_path/Frameworks @loader_path/Frameworks";
				PRODUCT_BUNDLE_IDENTIFIER = com.devsmugglers.BurpZoneUITests;
				PRODUCT_NAME = "$(TARGET_NAME)";
				TEST_TARGET_NAME = BurpZone;
				USES_XCTRUNNER = YES;
			};
			name = Release;
		};
/* End XCBuildConfiguration section */

/* Begin XCConfigurationList section */
		96FEE73C1C34609C00ACCCD5 /* Build configuration list for PBXProject "BurpZone" */ = {
			isa = XCConfigurationList;
			buildConfigurations = (
				96FEE7671C34609C00ACCCD5 /* Debug */,
				96FEE7681C34609C00ACCCD5 /* Release */,
			);
			defaultConfigurationIsVisible = 0;
			defaultConfigurationName = Release;
		};
		96FEE7691C34609C00ACCCD5 /* Build configuration list for PBXNativeTarget "BurpZone" */ = {
			isa = XCConfigurationList;
			buildConfigurations = (
				96FEE76A1C34609C00ACCCD5 /* Debug */,
				96FEE76B1C34609C00ACCCD5 /* Release */,
			);
			defaultConfigurationIsVisible = 0;
		};
		96FEE76C1C34609C00ACCCD5 /* Build configuration list for PBXNativeTarget "BurpZoneTests" */ = {
			isa = XCConfigurationList;
			buildConfigurations = (
				96FEE76D1C34609C00ACCCD5 /* Debug */,
				96FEE76E1C34609C00ACCCD5 /* Release */,
			);
			defaultConfigurationIsVisible = 0;
		};
		96FEE76F1C34609C00ACCCD5 /* Build configuration list for PBXNativeTarget "BurpZoneUITests" */ = {
			isa = XCConfigurationList;
			buildConfigurations = (
				96FEE7701C34609C00ACCCD5 /* Debug */,
				96FEE7711C34609C00ACCCD5 /* Release */,
			);
			defaultConfigurationIsVisible = 0;
		};
/* End XCConfigurationList section */
	};
	rootObject = 96FEE7391C34609C00ACCCD5 /* Project object */;
}
